
Microsoft Visual Studio Solution File, Format Version 12.00
# Visual Studio Version 16
VisualStudioVersion = 16.0.29709.97
MinimumVisualStudioVersion = 10.0.40219.1
Project("{9A19103F-16F7-4668-BE54-9A1E7A4F7556}") = "5pract", "5pract\5pract.csproj", "{53D79A22-33C0-4D5D-B6AC-806A752AC247}"
EndProject
Global
	GlobalSection(SolutionConfigurationPlatforms) = preSolution
		Debug|Any CPU = Debug|Any CPU
		Release|Any CPU = Release|Any CPU
	EndGlobalSection
	GlobalSection(ProjectConfigurationPlatforms) = postSolution
		{53D79A22-33C0-4D5D-B6AC-806A752AC247}.Debug|Any CPU.ActiveCfg = Debug|Any CPU
		{53D79A22-33C0-4D5D-B6AC-806A752AC247}.Debug|Any CPU.Build.0 = Debug|Any CPU
		{53D79A22-33C0-4D5D-B6AC-806A752AC247}.Release|Any CPU.ActiveCfg = Release|Any CPU
		{53D79A22-33C0-4D5D-B6AC-806A752AC247}.Release|Any CPU.Build.0 = Release|Any CPU
	EndGlobalSection
	GlobalSection(SolutionProperties) = preSolution
		HideSolutionNode = FALSE
	EndGlobalSection
	GlobalSection(ExtensibilityGlobals) = postSolution
		SolutionGuid = {6499B5BC-6C7E-44C5-B5D8-47DA09CF55DE}
	EndGlobalSection
EndGlobal
